{
    "name": "file-stream-rotator",
    "version": "1.0.0",
    "lockfileVersion": 1,
    "requires": true,
    "dependencies": {
        "@types/node": {
            "version": "18.11.3",
            "resolved": "https://registry.npmjs.org/@types/node/-/node-18.11.3.tgz",
            "integrity": "sha512-fNjDQzzOsZeKZu5NATgXUPsaFaTxeRgFXoosrHivTl8RGeV733OLawXsGfEk9a8/tySyZUyiZ6E8LcjPFZ2y1A==",
            "dev": true
        },
        "sleep-promise": {
            "version": "9.1.0",
            "resolved": "https://registry.npmjs.org/sleep-promise/-/sleep-promise-9.1.0.tgz",
            "integrity": "sha512-UHYzVpz9Xn8b+jikYSD6bqvf754xL2uBUzDFwiU6NcdZeifPr6UfgU43xpkPu67VMS88+TI2PSI7Eohgqf2fKA=="
        },
        "typescript": {
            "version": "4.8.4",
            "resolved": "https://registry.npmjs.org/typescript/-/typescript-4.8.4.tgz",
            "integrity": "sha512-QCh+85mCy+h0IGff8r5XWzOVSbBO+KfeYrMQh7NJ58QujwcE22u+NUSmUxqF+un70P9GXKxa2HCNiTTMJknyjQ==",
            "dev": true
        }
    }
}
